
Microsoft Visual Studio Solution File, Format Version 12.00
# Visual Studio Version 17
VisualStudioVersion = 17.5.002.0
MinimumVisualStudioVersion = 10.0.40219.1
Project("{9A19103F-16F7-4668-BE54-9A1E7A4F7556}") = "DotNetAPIDocker", "DotNetAPIDocker.csproj", "{DA6B08E5-1D91-458C-AEEF-3AAD86432BED}"
EndProject
Global
	GlobalSection(SolutionConfigurationPlatforms) = preSolution
		Debug|Any CPU = Debug|Any CPU
		Release|Any CPU = Release|Any CPU
	EndGlobalSection
	GlobalSection(ProjectConfigurationPlatforms) = postSolution
		{DA6B08E5-1D91-458C-AEEF-3AAD86432BED}.Debug|Any CPU.ActiveCfg = Debug|Any CPU
		{DA6B08E5-1D91-458C-AEEF-3AAD86432BED}.Debug|Any CPU.Build.0 = Debug|Any CPU
		{DA6B08E5-1D91-458C-AEEF-3AAD86432BED}.Release|Any CPU.ActiveCfg = Release|Any CPU
		{DA6B08E5-1D91-458C-AEEF-3AAD86432BED}.Release|Any CPU.Build.0 = Release|Any CPU
	EndGlobalSection
	GlobalSection(SolutionProperties) = preSolution
		HideSolutionNode = FALSE
	EndGlobalSection
	GlobalSection(ExtensibilityGlobals) = postSolution
		SolutionGuid = {38F0483C-5300-4719-AF10-83C3287EE87A}
	EndGlobalSection
EndGlobal
